
Microsoft Visual Studio Solution File, Format Version 12.00
# Visual Studio Version 16
VisualStudioVersion = 16.0.31402.337
MinimumVisualStudioVersion = 10.0.40219.1
Project("{9A19103F-16F7-4668-BE54-9A1E7A4F7556}") = "Dx29", "Dx29\Dx29.csproj", "{5D74F8FE-DCC9-43D8-99AC-5738738FE62F}"
EndProject
Project("{9A19103F-16F7-4668-BE54-9A1E7A4F7556}") = "Dx29.BioEntity", "Dx29.BioEntity\Dx29.BioEntity.csproj", "{C6A431FC-673D-4FE5-99EC-7437DC42B73D}"
EndProject
Project("{9A19103F-16F7-4668-BE54-9A1E7A4F7556}") = "Dx29.BioNET", "Dx29.BioNET\Dx29.BioNET.csproj", "{13358182-4093-4A4D-BC87-A5013B4585EA}"
EndProject
Project("{9A19103F-16F7-4668-BE54-9A1E7A4F7556}") = "Dx29.BioNET.WebAPI", "Dx29.BioNET.WebAPI\Dx29.BioNET.WebAPI.csproj", "{621ACC78-F170-4E06-AD2B-5611726D39FC}"
EndProject
Global
	GlobalSection(SolutionConfigurationPlatforms) = preSolution
		Debug|Any CPU = Debug|Any CPU
		Release|Any CPU = Release|Any CPU
	EndGlobalSection
	GlobalSection(ProjectConfigurationPlatforms) = postSolution
		{5D74F8FE-DCC9-43D8-99AC-5738738FE62F}.Debug|Any CPU.ActiveCfg = Debug|Any CPU
		{5D74F8FE-DCC9-43D8-99AC-5738738FE62F}.Debug|Any CPU.Build.0 = Debug|Any CPU
		{5D74F8FE-DCC9-43D8-99AC-5738738FE62F}.Release|Any CPU.ActiveCfg = Release|Any CPU
		{5D74F8FE-DCC9-43D8-99AC-5738738FE62F}.Release|Any CPU.Build.0 = Release|Any CPU
		{C6A431FC-673D-4FE5-99EC-7437DC42B73D}.Debug|Any CPU.ActiveCfg = Debug|Any CPU
		{C6A431FC-673D-4FE5-99EC-7437DC42B73D}.Debug|Any CPU.Build.0 = Debug|Any CPU
		{C6A431FC-673D-4FE5-99EC-7437DC42B73D}.Release|Any CPU.ActiveCfg = Release|Any CPU
		{C6A431FC-673D-4FE5-99EC-7437DC42B73D}.Release|Any CPU.Build.0 = Release|Any CPU
		{13358182-4093-4A4D-BC87-A5013B4585EA}.Debug|Any CPU.ActiveCfg = Debug|Any CPU
		{13358182-4093-4A4D-BC87-A5013B4585EA}.Debug|Any CPU.Build.0 = Debug|Any CPU
		{13358182-4093-4A4D-BC87-A5013B4585EA}.Release|Any CPU.ActiveCfg = Release|Any CPU
		{13358182-4093-4A4D-BC87-A5013B4585EA}.Release|Any CPU.Build.0 = Release|Any CPU
		{621ACC78-F170-4E06-AD2B-5611726D39FC}.Debug|Any CPU.ActiveCfg = Debug|Any CPU
		{621ACC78-F170-4E06-AD2B-5611726D39FC}.Debug|Any CPU.Build.0 = Debug|Any CPU
		{621ACC78-F170-4E06-AD2B-5611726D39FC}.Release|Any CPU.ActiveCfg = Release|Any CPU
		{621ACC78-F170-4E06-AD2B-5611726D39FC}.Release|Any CPU.Build.0 = Release|Any CPU
	EndGlobalSection
	GlobalSection(SolutionProperties) = preSolution
		HideSolutionNode = FALSE
	EndGlobalSection
	GlobalSection(ExtensibilityGlobals) = postSolution
		SolutionGuid = {517264F9-BBF9-4EB7-A5F5-422293F4BC6D}
	EndGlobalSection
EndGlobal
